
Microsoft Visual Studio Solution File, Format Version 12.00
# Visual Studio Version 17
VisualStudioVersion = 17.10.34928.147
MinimumVisualStudioVersion = 10.0.40219.1
Project("{FAE04EC0-301F-11D3-BF4B-00C04F79EFBC}") = "poc-game", "poc-game\poc-game.csproj", "{82D211D2-76C3-4E98-9E94-90102CB651CF}"
EndProject
Project("{FAE04EC0-301F-11D3-BF4B-00C04F79EFBC}") = "poc-game-subscribe", "poc-game-subscribe\poc-game-subscribe.csproj", "{6BD08401-522A-4D45-B1FB-BA0988E66013}"
EndProject
Global
	GlobalSection(SolutionConfigurationPlatforms) = preSolution
		Debug|Any CPU = Debug|Any CPU
		Release|Any CPU = Release|Any CPU
	EndGlobalSection
	GlobalSection(ProjectConfigurationPlatforms) = postSolution
		{82D211D2-76C3-4E98-9E94-90102CB651CF}.Debug|Any CPU.ActiveCfg = Debug|Any CPU
		{82D211D2-76C3-4E98-9E94-90102CB651CF}.Debug|Any CPU.Build.0 = Debug|Any CPU
		{82D211D2-76C3-4E98-9E94-90102CB651CF}.Release|Any CPU.ActiveCfg = Release|Any CPU
		{82D211D2-76C3-4E98-9E94-90102CB651CF}.Release|Any CPU.Build.0 = Release|Any CPU
		{6BD08401-522A-4D45-B1FB-BA0988E66013}.Debug|Any CPU.ActiveCfg = Debug|Any CPU
		{6BD08401-522A-4D45-B1FB-BA0988E66013}.Debug|Any CPU.Build.0 = Debug|Any CPU
		{6BD08401-522A-4D45-B1FB-BA0988E66013}.Release|Any CPU.ActiveCfg = Release|Any CPU
		{6BD08401-522A-4D45-B1FB-BA0988E66013}.Release|Any CPU.Build.0 = Release|Any CPU
	EndGlobalSection
	GlobalSection(SolutionProperties) = preSolution
		HideSolutionNode = FALSE
	EndGlobalSection
	GlobalSection(ExtensibilityGlobals) = postSolution
		SolutionGuid = {60C23818-C8F5-49F2-9384-9DAAE60E0060}
	EndGlobalSection
EndGlobal
